PODS:
  - SSAITracking (1.0.6)

DEPENDENCIES:
  - SSAITracking (from `https://github.com/sigmaott/sigma-ssai-ios.git`, tag `1.0.6`)

EXTERNAL SOURCES:
  SSAITracking:
    :git: https://github.com/sigmaott/sigma-ssai-ios.git
    :tag: 1.0.6

CHECKOUT OPTIONS:
  SSAITracking:
    :git: https://github.com/sigmaott/sigma-ssai-ios.git
    :tag: 1.0.6

SPEC CHECKSUMS:
  SSAITracking: 0627c287c1843d4a27aff368ad7e4a9eb10daaa7

PODFILE CHECKSUM: 851966061fa1214ecdb28e37eaa853a809a332b9

COCOAPODS: 1.15.2
