PODS:
  - SSAITracking (1.0.5)

DEPENDENCIES:
  - SSAITracking (from `https://github.com/sigmaott/sigma-ssai-ios.git`, tag `1.1.0`)

EXTERNAL SOURCES:
  SSAITracking:
    :git: https://github.com/sigmaott/sigma-ssai-ios.git
    :tag: 1.1.0

CHECKOUT OPTIONS:
  SSAITracking:
    :git: https://github.com/sigmaott/sigma-ssai-ios.git
    :tag: 1.1.0

SPEC CHECKSUMS:
  SSAITracking: d5441a7f0e42082dc94852f568570f9e2c7a20c7

PODFILE CHECKSUM: 4d492e26e1538e11b28c663779bea0676ab6c898

COCOAPODS: 1.15.2
